{
  "version": 4,
  "terraform_version": "1.6.6",
  "serial": 5,
  "lineage": "b8ac7783-47e6-dbfe-7ec7-1fc5adcf880a",
  "outputs": {
    "iam_user_details": {
      "value": {
        "user_name": "terraform-cs423-devops"
      },
      "type": [
        "object",
        {
          "user_name": "string"
        }
      ]
    },
    "private_key": {
      "value": "cs423-assignment4-key",
      "type": "string"
    }
  },
  "resources": [
    {
      "mode": "data",
      "type": "aws_ami",
      "name": "latest_ubuntu",
      "provider": "provider[\"registry.terraform.io/hashicorp/aws\"]",
      "instances": [
        {
          "schema_version": 0,
          "attributes": {
            "architecture": "x86_64",
            "arn": "arn:aws:ec2:us-west-2::image/ami-0c0ba4e76e4392ce9",
            "block_device_mappings": [
              {
                "device_name": "/dev/sda1",
                "ebs": {
                  "delete_on_termination": "true",
                  "encrypted": "false",
                  "iops": "0",
                  "snapshot_id": "snap-0f6752a1dcaed435a",
                  "throughput": "0",
                  "volume_size": "8",
                  "volume_type": "gp2"
                },
                "no_device": "",
                "virtual_name": ""
              },
              {
                "device_name": "/dev/sdb",
                "ebs": {},
                "no_device": "",
                "virtual_name": "ephemeral0"
              },
              {
                "device_name": "/dev/sdc",
                "ebs": {},
                "no_device": "",
                "virtual_name": "ephemeral1"
              }
            ],
            "boot_mode": "legacy-bios",
            "creation_date": "2023-12-08T23:22:21.000Z",
            "deprecation_time": "2025-12-08T23:22:21.000Z",
            "description": "Canonical, Ubuntu, 20.04 LTS, amd64 focal image build on 2023-12-08",
            "ena_support": true,
            "executable_users": null,
            "filter": [
              {
                "name": "name",
                "values": [
                  "ubuntu/images/hvm-ssd/ubuntu-focal-20.04-amd64-server-*"
                ]
              },
              {
                "name": "virtualization-type",
                "values": [
                  "hvm"
                ]
              }
            ],
            "hypervisor": "xen",
            "id": "ami-0c0ba4e76e4392ce9",
            "image_id": "ami-0c0ba4e76e4392ce9",
            "image_location": "amazon/ubuntu/images/hvm-ssd/ubuntu-focal-20.04-amd64-server-20231208",
            "image_owner_alias": "amazon",
            "image_type": "machine",
            "imds_support": "",
            "include_deprecated": false,
            "kernel_id": "",
            "most_recent": true,
            "name": "ubuntu/images/hvm-ssd/ubuntu-focal-20.04-amd64-server-20231208",
            "name_regex": null,
            "owner_id": "099720109477",
            "owners": [
              "099720109477"
            ],
            "platform": "",
            "platform_details": "Linux/UNIX",
            "product_codes": [],
            "public": true,
            "ramdisk_id": "",
            "root_device_name": "/dev/sda1",
            "root_device_type": "ebs",
            "root_snapshot_id": "snap-0f6752a1dcaed435a",
            "sriov_net_support": "simple",
            "state": "available",
            "state_reason": {
              "code": "UNSET",
              "message": "UNSET"
            },
            "tags": {},
            "timeouts": null,
            "tpm_support": "",
            "usage_operation": "RunInstances",
            "virtualization_type": "hvm"
          },
          "sensitive_attributes": []
        }
      ]
    },
    {
      "mode": "managed",
      "type": "aws_key_pair",
      "name": "ec2_key_pair",
      "provider": "provider[\"registry.terraform.io/hashicorp/aws\"]",
      "instances": [
        {
          "schema_version": 1,
          "attributes": {
            "arn": "arn:aws:ec2:us-west-2:373993773383:key-pair/cs423-assignment4-key",
            "fingerprint": "2d:e7:24:c0:1e:f5:60:27:db:70:b5:f3:fa:66:29:9f",
            "id": "cs423-assignment4-key",
            "key_name": "cs423-assignment4-key",
            "key_name_prefix": "",
            "key_pair_id": "key-055eca1cd4962c6be",
            "key_type": "rsa",
            "public_key": "ssh-rsa AAAAB3NzaC1yc2EAAAADAQABAAABgQCwUB19IiFGc2wawoGUXCeTZ6KsSsvbt2tI331U3OUmkXipMKGKmbRaocZu26PdVl/f+TqZ/1uvGQmXQ3LjaxCj0CDU7DjoLXalkYR8CTusy3o0PHOs8Wjq3PqZ3qHilvwJKORIOvI/m9v4EpniiY1ZG8fTW+zV3OzopphwN1x6OVLpPVt7TaUdBlUzp7XFzs5F9JRMZ4pQkU46tAe26vkDwexGCIDRf93NE0KDYnziOup0kU+KK2gId/kmo5dHXCo4gGdesH+XRXwyqCBiz4SH+k88j8DeZVW5SwMF+oY0ECmVMLClBoMqkVw8JnpVCdpGBpfiwzy2T3szrManFrIMSYjAJYutJLpo8Y1DChg8VIK1FYIBvdjz6a/I+QZnFbPrN+CiCg/4f2rJghv3wk8nLNgFoprvWbSyUDIkiXV2pXgNaGWS2NZ4jSvK0eHDl+z9dMHgikuYQVxEnrX9ZBwyatazSvvdebCYv1guAqBWo48jNvs4qn791v+KwtOhL6s= root@DESKTOP-N8MFENM",
            "tags": {},
            "tags_all": {}
          },
          "sensitive_attributes": [],
          "private": "eyJzY2hlbWFfdmVyc2lvbiI6IjEifQ=="
        }
      ]
    }
  ],
  "check_results": null
}
